
Microsoft Visual Studio Solution File, Format Version 12.00
# Visual Studio Version 17
VisualStudioVersion = 17.0.32112.339
MinimumVisualStudioVersion = 10.0.40219.1
Project("{888888A0-9F3D-457C-B088-3A5042F75D52}") = "TankBattle", "TankBattle.pyproj", "{23D311D3-5493-46A9-88D0-999BC0D924CA}"
EndProject
Global
	GlobalSection(SolutionConfigurationPlatforms) = preSolution
		Debug|Any CPU = Debug|Any CPU
		Release|Any CPU = Release|Any CPU
	EndGlobalSection
	GlobalSection(ProjectConfigurationPlatforms) = postSolution
		{23D311D3-5493-46A9-88D0-999BC0D924CA}.Debug|Any CPU.ActiveCfg = Debug|Any CPU
		{23D311D3-5493-46A9-88D0-999BC0D924CA}.Release|Any CPU.ActiveCfg = Release|Any CPU
	EndGlobalSection
	GlobalSection(SolutionProperties) = preSolution
		HideSolutionNode = FALSE
	EndGlobalSection
	GlobalSection(ExtensibilityGlobals) = postSolution
		SolutionGuid = {797924C8-0956-4DAE-889B-07B795E1E060}
	EndGlobalSection
EndGlobal
